
Microsoft Visual Studio Solution File, Format Version 12.00
# Visual Studio Version 16
VisualStudioVersion = 16.0.30204.135
MinimumVisualStudioVersion = 10.0.40219.1
Project("{FAE04EC0-301F-11D3-BF4B-00C04F79EFBC}") = "Contact_BLL", "Contact_BLL\Contact_BLL.csproj", "{55011FEA-C3A3-496E-94E2-3F88C4A20D72}"
EndProject
Project("{FAE04EC0-301F-11D3-BF4B-00C04F79EFBC}") = "Contact_DAL", "Contact_DAL\Contact_DAL.csproj", "{682CB9FC-99B7-4F1D-A301-1F4C94DC6EAD}"
EndProject
Project("{FAE04EC0-301F-11D3-BF4B-00C04F79EFBC}") = "Contact_Model", "Contact_Model\Contact_Model.csproj", "{B8B6A0F8-B8F8-4832-865D-4A2AB90AA711}"
EndProject
Project("{FAE04EC0-301F-11D3-BF4B-00C04F79EFBC}") = "Contacts_UI", "Contacts_UI\Contacts_UI.csproj", "{EB75B09F-DA3F-4C00-9355-A4C31A1B6133}"
EndProject
Global
	GlobalSection(SolutionConfigurationPlatforms) = preSolution
		Debug|Any CPU = Debug|Any CPU
		Release|Any CPU = Release|Any CPU
	EndGlobalSection
	GlobalSection(ProjectConfigurationPlatforms) = postSolution
		{55011FEA-C3A3-496E-94E2-3F88C4A20D72}.Debug|Any CPU.ActiveCfg = Debug|Any CPU
		{55011FEA-C3A3-496E-94E2-3F88C4A20D72}.Debug|Any CPU.Build.0 = Debug|Any CPU
		{55011FEA-C3A3-496E-94E2-3F88C4A20D72}.Release|Any CPU.ActiveCfg = Release|Any CPU
		{55011FEA-C3A3-496E-94E2-3F88C4A20D72}.Release|Any CPU.Build.0 = Release|Any CPU
		{682CB9FC-99B7-4F1D-A301-1F4C94DC6EAD}.Debug|Any CPU.ActiveCfg = Debug|Any CPU
		{682CB9FC-99B7-4F1D-A301-1F4C94DC6EAD}.Debug|Any CPU.Build.0 = Debug|Any CPU
		{682CB9FC-99B7-4F1D-A301-1F4C94DC6EAD}.Release|Any CPU.ActiveCfg = Release|Any CPU
		{682CB9FC-99B7-4F1D-A301-1F4C94DC6EAD}.Release|Any CPU.Build.0 = Release|Any CPU
		{B8B6A0F8-B8F8-4832-865D-4A2AB90AA711}.Debug|Any CPU.ActiveCfg = Debug|Any CPU
		{B8B6A0F8-B8F8-4832-865D-4A2AB90AA711}.Debug|Any CPU.Build.0 = Debug|Any CPU
		{B8B6A0F8-B8F8-4832-865D-4A2AB90AA711}.Release|Any CPU.ActiveCfg = Release|Any CPU
		{B8B6A0F8-B8F8-4832-865D-4A2AB90AA711}.Release|Any CPU.Build.0 = Release|Any CPU
		{EB75B09F-DA3F-4C00-9355-A4C31A1B6133}.Debug|Any CPU.ActiveCfg = Debug|Any CPU
		{EB75B09F-DA3F-4C00-9355-A4C31A1B6133}.Debug|Any CPU.Build.0 = Debug|Any CPU
		{EB75B09F-DA3F-4C00-9355-A4C31A1B6133}.Release|Any CPU.ActiveCfg = Release|Any CPU
		{EB75B09F-DA3F-4C00-9355-A4C31A1B6133}.Release|Any CPU.Build.0 = Release|Any CPU
	EndGlobalSection
	GlobalSection(SolutionProperties) = preSolution
		HideSolutionNode = FALSE
	EndGlobalSection
	GlobalSection(ExtensibilityGlobals) = postSolution
		SolutionGuid = {84D60A83-9808-429F-9022-E3F705AA3FC4}
	EndGlobalSection
EndGlobal
